# platform: linux-64
# env_hash: e5ac653d8764d68b3e6a3a324263a2387e72e037f99dc4e1d59bf7e75a7346e5
@EXPLICIT
https://conda.anaconda.org/conda-forge/linux-64/_libgcc_mutex-0.1-conda_forge.tar.bz2#d7c89558ba9fa0495403155b64376d81
https://conda.anaconda.org/conda-forge/linux-64/ca-certificates-2020.12.5-ha878542_0.tar.bz2#7eb5d4ffeee663caa1635cd67071bc1b
https://conda.anaconda.org/conda-forge/noarch/kernel-headers_linux-64-2.6.32-h77966d4_13.tar.bz2#182b3bbe97ca334be3ccb50b80810bb1
https://conda.anaconda.org/conda-forge/linux-64/ld_impl_linux-64-2.35.1-hea4e1c9_2.tar.bz2#83610dba766a186bdc7a116053b782a4
https://conda.anaconda.org/conda-forge/linux-64/libgcc-devel_linux-64-9.3.0-h7864c58_19.tar.bz2#f2c8650b485eea7cee14d57fea5e26eb
https://conda.anaconda.org/conda-forge/linux-64/libstdcxx-ng-9.3.0-h6de172a_19.tar.bz2#cd9a24a8dde03ec0cf0e603b0bea85a1
https://conda.anaconda.org/conda-forge/noarch/rust-std-x86_64-unknown-linux-gnu-1.48.0-hc1431ca_0.tar.bz2#39758df04142487a78bf5d7ec0c1a1da
https://conda.anaconda.org/conda-forge/linux-64/libgomp-9.3.0-h2828fa1_19.tar.bz2#ab0a307912033126da02507b59e79ec9
https://conda.anaconda.org/conda-forge/noarch/sysroot_linux-64-2.12-h77966d4_13.tar.bz2#e411486a18c4f61c59083c5792c1ce3b
https://conda.anaconda.org/conda-forge/linux-64/_openmp_mutex-4.5-1_gnu.tar.bz2#561e277319a41d4f24f5c05a9ef63c04
https://conda.anaconda.org/conda-forge/linux-64/binutils_impl_linux-64-2.35.1-h193b22a_2.tar.bz2#4eac07f5d3b8514051e514f8d5d11264
https://conda.anaconda.org/conda-forge/linux-64/binutils-2.35.1-hdd6e379_2.tar.bz2#b0a210d16a82a2784d792e09b71d6ffe
https://conda.anaconda.org/conda-forge/linux-64/binutils_linux-64-2.35-h67ddf6f_30.tar.bz2#99b3270216094c06bb0a96688035ded4
https://conda.anaconda.org/conda-forge/linux-64/libgcc-ng-9.3.0-h2828fa1_19.tar.bz2#9d5cdfc51476ee4dcdd96ed2dca3f943
https://conda.anaconda.org/conda-forge/linux-64/gcc_impl_linux-64-9.3.0-h70c0ae5_19.tar.bz2#0ec2d4e60527fb7c05c67f7dc3340ea0
https://conda.anaconda.org/conda-forge/linux-64/libffi-3.3-h58526e2_2.tar.bz2#665369991d8dd290ac5ee92fce3e6bf5
https://conda.anaconda.org/conda-forge/linux-64/ncurses-6.2-h58526e2_4.tar.bz2#509f2a21c4a09214cd737a480dfd80c9
https://conda.anaconda.org/conda-forge/linux-64/openssl-1.1.1k-h7f98852_0.tar.bz2#07fae2cb088379c8441e0f3ffa1f4025
https://conda.anaconda.org/conda-forge/linux-64/xz-5.2.5-h516909a_1.tar.bz2#33f601066901f3e1a85af3522a8113f9
https://conda.anaconda.org/conda-forge/linux-64/zlib-1.2.11-h516909a_1010.tar.bz2#339cc5584e6d26bc73a875ba900028c3
https://conda.anaconda.org/conda-forge/linux-64/gcc_linux-64-9.3.0-hf25ea35_30.tar.bz2#08898db641edb79224abbda430dcb229
https://conda.anaconda.org/conda-forge/linux-64/readline-8.1-h46c0cb4_0.tar.bz2#5788de3c8d7a7d64ac56c784c4ef48e6
https://conda.anaconda.org/conda-forge/linux-64/rust-1.48.0-h36c2ea0_0.tar.bz2#89ab86b925452d3285cc4005fe7c882d
https://conda.anaconda.org/conda-forge/linux-64/tk-8.6.10-h21135ba_1.tar.bz2#c647f70aa7e3d4cc4e029cc1c9a99953
https://conda.anaconda.org/conda-forge/linux-64/valgrind-3.15.0-he513fc3_0.tar.bz2#917c1af93e48c45c708f48d8b9d4d886
https://conda.anaconda.org/conda-forge/linux-64/c-compiler-1.1.3-h7f98852_0.tar.bz2#1aaf091c2aec0e80c3b6ad93e2b75025
https://conda.anaconda.org/conda-forge/linux-64/sqlite-3.35.5-h74cdb3f_0.tar.bz2#e876c82c21e7074d299e13762d02466c
https://conda.anaconda.org/conda-forge/linux-64/python-3.8.10-h49503c6_1_cpython.tar.bz2#69f7d6ef1f00c3a109b1b06279e6d6a9
https://conda.anaconda.org/conda-forge/linux-64/python_abi-3.8-1_cp38.tar.bz2#8d05152d6fb3012b27a0e6fbcc14bea1
https://conda.anaconda.org/conda-forge/noarch/semantic_version-2.8.5-pyh9f0ad1d_0.tar.bz2#0a44e7673da370ffdad6d5c81ffa6082
https://conda.anaconda.org/conda-forge/noarch/threadpoolctl-2.1.0-pyh5ca1d4c_0.tar.bz2#9eb32b63458380aa3804de519b6e5749
https://conda.anaconda.org/conda-forge/noarch/toml-0.10.2-pyhd8ed1ab_0.tar.bz2#f832c45a477c78bebd107098db465095
https://conda.anaconda.org/conda-forge/noarch/wheel-0.36.2-pyhd3deb0d_0.tar.bz2#768bfbe026426d0e76b377997d1f2b98
https://conda.anaconda.org/conda-forge/linux-64/certifi-2020.12.5-py38h578d9bd_1.tar.bz2#be470d89b0678991fd4ba67d4a35bc80
https://conda.anaconda.org/conda-forge/linux-64/cython-0.29.15-py38h950e882_1.tar.bz2#1f3c0a4536fba9094b85918f6bfde736
https://conda.anaconda.org/conda-forge/linux-64/setuptools-49.6.0-py38h578d9bd_3.tar.bz2#59c561cd1be0db9cf1c83f7d7cc74f4d
https://conda.anaconda.org/conda-forge/noarch/pip-21.1.1-pyhd8ed1ab_0.tar.bz2#e0bad1330c3575222d221e7679a36a0a
https://conda.anaconda.org/conda-forge/noarch/setuptools-rust-0.12.1-pyhd8ed1ab_0.tar.bz2#fc563f5affcafadb63655f9c6368176d
