# platform: linux-64
# env_hash: d316fdb443d4fe1bffbc0234ee25973066694b344ca70b0d9e51b05bccf57b8b
@EXPLICIT
https://conda.anaconda.org/conda-forge/linux-64/_libgcc_mutex-0.1-conda_forge.tar.bz2#d7c89558ba9fa0495403155b64376d81
https://conda.anaconda.org/conda-forge/linux-64/_openmp_mutex-4.5-1_gnu.tar.bz2#561e277319a41d4f24f5c05a9ef63c04
https://conda.anaconda.org/conda-forge/linux-64/binutils-2.35.1-hdd6e379_1.tar.bz2#1a91ad01b06912768bc5d66631fc9b07
https://conda.anaconda.org/conda-forge/linux-64/binutils_impl_linux-64-2.35.1-h17ad2fc_1.tar.bz2#9902133effcb084679365a0789d483f3
https://conda.anaconda.org/conda-forge/linux-64/binutils_linux-64-2.35-hc3fd857_29.tar.bz2#17d622904723a89e59ac9251aa432078
https://conda.anaconda.org/conda-forge/linux-64/c-compiler-1.1.3-h7f98852_0.tar.bz2#1aaf091c2aec0e80c3b6ad93e2b75025
https://conda.anaconda.org/conda-forge/linux-64/ca-certificates-2020.12.5-ha878542_0.tar.bz2#7eb5d4ffeee663caa1635cd67071bc1b
https://conda.anaconda.org/conda-forge/linux-64/certifi-2020.12.5-py38h578d9bd_0.tar.bz2#a3daf84221215a6caa8a4efc9b04c773
https://conda.anaconda.org/conda-forge/linux-64/cython-0.29.15-py38h950e882_1.tar.bz2#1f3c0a4536fba9094b85918f6bfde736
https://conda.anaconda.org/conda-forge/linux-64/gcc_impl_linux-64-9.3.0-h28f5a38_17.tar.bz2#40235a65140e7f9a10716f555f7ce409
https://conda.anaconda.org/conda-forge/linux-64/gcc_linux-64-9.3.0-h7247604_29.tar.bz2#081695d5c895c0491ce4d8e8d4ade215
https://conda.anaconda.org/conda-forge/noarch/kernel-headers_linux-64-2.6.32-h77966d4_13.tar.bz2#182b3bbe97ca334be3ccb50b80810bb1
https://conda.anaconda.org/conda-forge/linux-64/ld_impl_linux-64-2.35.1-hed1e6ac_1.tar.bz2#a267624dbd39c49e945d29dca1538635
https://conda.anaconda.org/conda-forge/linux-64/libffi-3.3-h58526e2_2.tar.bz2#665369991d8dd290ac5ee92fce3e6bf5
https://conda.anaconda.org/conda-forge/linux-64/libgcc-devel_linux-64-9.3.0-hfd08b2a_17.tar.bz2#0134fffc3c28ccfef3d42ecd8671613a
https://conda.anaconda.org/conda-forge/linux-64/libgcc-ng-9.3.0-h5dbcf3e_17.tar.bz2#fc9f5adabc4d55cd4b491332adc413e0
https://conda.anaconda.org/conda-forge/linux-64/libgomp-9.3.0-h5dbcf3e_17.tar.bz2#8fd587013b9da8b52050268d50c12305
https://conda.anaconda.org/conda-forge/linux-64/libstdcxx-ng-9.3.0-h2ae2ef3_17.tar.bz2#342f3c931d0a3a209ab09a522469d20c
https://conda.anaconda.org/conda-forge/linux-64/ncurses-6.2-h58526e2_4.tar.bz2#509f2a21c4a09214cd737a480dfd80c9
https://conda.anaconda.org/conda-forge/linux-64/openssl-1.1.1i-h7f98852_0.tar.bz2#bc63956d32024c8e0853ff2ca7f2bf05
https://conda.anaconda.org/conda-forge/noarch/pip-20.3.3-pyhd8ed1ab_0.tar.bz2#c7e5c449e502567a995e4bd09c538faf
https://conda.anaconda.org/conda-forge/linux-64/python-3.8.6-hffdb5ce_4_cpython.tar.bz2#e43784498e6c5983eb80ab00e7ba1c7c
https://conda.anaconda.org/conda-forge/linux-64/python_abi-3.8-1_cp38.tar.bz2#8d05152d6fb3012b27a0e6fbcc14bea1
https://conda.anaconda.org/conda-forge/linux-64/readline-8.0-he28a2e2_2.tar.bz2#4d0ae8d473f863696088f76800ef9d38
https://conda.anaconda.org/conda-forge/linux-64/rust-1.48.0-h36c2ea0_0.tar.bz2#89ab86b925452d3285cc4005fe7c882d
https://conda.anaconda.org/conda-forge/noarch/rust-std-x86_64-unknown-linux-gnu-1.48.0-hc1431ca_0.tar.bz2#39758df04142487a78bf5d7ec0c1a1da
https://conda.anaconda.org/conda-forge/linux-64/setuptools-49.6.0-py38h924ce5b_2.tar.bz2#85f49978317e2f963ffd1d0989b16038
https://conda.anaconda.org/conda-forge/linux-64/sqlite-3.34.0-h74cdb3f_0.tar.bz2#0a83e21e8c1929cc9a1e21ebb2459fc5
https://conda.anaconda.org/conda-forge/noarch/sysroot_linux-64-2.12-h77966d4_13.tar.bz2#e411486a18c4f61c59083c5792c1ce3b
https://conda.anaconda.org/conda-forge/noarch/threadpoolctl-2.1.0-pyh5ca1d4c_0.tar.bz2#9eb32b63458380aa3804de519b6e5749
https://conda.anaconda.org/conda-forge/linux-64/tk-8.6.10-hed695b0_1.tar.bz2#7ef837cd455bd0f19f49b8b62d4cb568
https://conda.anaconda.org/conda-forge/linux-64/valgrind-3.15.0-he513fc3_0.tar.bz2#917c1af93e48c45c708f48d8b9d4d886
https://conda.anaconda.org/conda-forge/noarch/wheel-0.36.2-pyhd3deb0d_0.tar.bz2#768bfbe026426d0e76b377997d1f2b98
https://conda.anaconda.org/conda-forge/linux-64/xz-5.2.5-h516909a_1.tar.bz2#33f601066901f3e1a85af3522a8113f9
https://conda.anaconda.org/conda-forge/linux-64/zlib-1.2.11-h516909a_1010.tar.bz2#339cc5584e6d26bc73a875ba900028c3
